{
  "version": 4,
  "terraform_version": "0.12.9",
  "serial": 12,
  "lineage": "cb5b5cf3-7ebc-ab3a-9f11-8cd804f17620",
  "outputs": {},
  "resources": [
    {
      "module": "module.pvdisk",
      "mode": "managed",
      "type": "google_compute_disk",
      "name": "common",
      "provider": "provider.google",
      "instances": [
        {
          "schema_version": 0,
          "attributes": {
            "creation_timestamp": "2020-03-11T13:04:17.497-07:00",
            "description": "",
            "disk_encryption_key": [],
            "id": "projects/skyfall-267015/zones/europe-west1-b/disks/common",
            "image": "",
            "label_fingerprint": "42WmSpB8rSM=",
            "labels": {},
            "last_attach_timestamp": "",
            "last_detach_timestamp": "",
            "name": "common",
            "physical_block_size_bytes": 4096,
            "project": "skyfall-267015",
            "self_link": "https://www.googleapis.com/compute/v1/projects/skyfall-267015/zones/europe-west1-b/disks/common",
            "size": 20,
            "snapshot": "",
            "source_image_encryption_key": [],
            "source_image_id": "",
            "source_snapshot_encryption_key": [],
            "source_snapshot_id": "",
            "timeouts": null,
            "type": "pd-ssd",
            "users": [],
            "zone": "europe-west1-b"
          },
          "private": "eyJlMmJmYjczMC1lY2FhLTExZTYtOGY4OC0zNDM2M2JjN2M0YzAiOnsiY3JlYXRlIjozMDAwMDAwMDAwMDAsImRlbGV0ZSI6MjQwMDAwMDAwMDAwLCJ1cGRhdGUiOjI0MDAwMDAwMDAwMH19"
        }
      ]
    },
    {
      "module": "module.gke",
      "mode": "managed",
      "type": "google_container_cluster",
      "name": "primary",
      "provider": "provider.google",
      "instances": [
        {
          "schema_version": 1,
          "attributes": {
            "additional_zones": [],
            "addons_config": [
              {
                "horizontal_pod_autoscaling": [],
                "http_load_balancing": [],
                "kubernetes_dashboard": [],
                "network_policy_config": [
                  {
                    "disabled": true
                  }
                ]
              }
            ],
            "authenticator_groups_config": [],
            "cluster_autoscaling": [
              {
                "auto_provisioning_defaults": [],
                "enabled": false,
                "resource_limits": []
              }
            ],
            "cluster_ipv4_cidr": "10.36.0.0/14",
            "default_max_pods_per_node": 110,
            "description": "",
            "enable_binary_authorization": false,
            "enable_intranode_visibility": null,
            "enable_kubernetes_alpha": false,
            "enable_legacy_abac": false,
            "enable_tpu": null,
            "endpoint": "35.233.69.103",
            "id": "projects/skyfall-267015/locations/europe-west1-b/clusters/conestoga-sulaco",
            "initial_node_count": 2,
            "instance_group_urls": [
              "https://www.googleapis.com/compute/v1/projects/skyfall-267015/zones/europe-west1-b/instanceGroups/gke-conestoga-sulaco-default-pool-1fc87b37-grp"
            ],
            "ip_allocation_policy": [],
            "location": "europe-west1-b",
            "logging_service": "none",
            "maintenance_policy": [],
            "master_auth": [
              {
                "client_certificate": "",
                "client_certificate_config": [
                  {
                    "issue_client_certificate": false
                  }
                ],
                "client_key": "",
                "cluster_ca_certificate": "LS0tLS1CRUdJTiBDRVJUSUZJQ0FURS0tLS0tCk1JSURDekNDQWZPZ0F3SUJBZ0lRRzlkMTBzdHBIdHZqMVhJSnNwMzFyREFOQmdrcWhraUc5dzBCQVFzRkFEQXYKTVMwd0t3WURWUVFERXlRell6STJNRE14Tmkwd05Ea3lMVFE0WWprdFlqWXdOUzB4WmpVd1lXSXhNR1kwTURJdwpIaGNOTWpBd016RXhNVGt3TkRFM1doY05NalV3TXpFd01qQXdOREUzV2pBdk1TMHdLd1lEVlFRREV5UXpZekkyCk1ETXhOaTB3TkRreUxUUTRZamt0WWpZd05TMHhaalV3WVdJeE1HWTBNREl3Z2dFaU1BMEdDU3FHU0liM0RRRUIKQVFVQUE0SUJEd0F3Z2dFS0FvSUJBUUMvRktEaEtjaEFza3hKMGJTTzNPdGNFMlhCQ1JLWkVFSFdNTzdZUmRuSgpDV1Uxak94REFjTkFPT1Rkc3BuWGNMa3NtY2VxUkRLbitkS2tmS2dRSUdweG1ab3pjU0w1S055bDl1R3VWdG9HCmtoQ3FTeG16M2JxbWc4bmNOQkZhZHpmbUVBb040SW1BaEc4em5kc3crSk5LcXVOSGt2TXl3ZnZRTHNibkVWYzUKaHpRNVAwaWE0ZFhsZWJUSDVaUnBIQzJvRjk3Rk9QWS9VZ1dnbjhPSFUybjJvMlExRENBdURKbkd0bEpjODhqMgpOb0hUWWZMaVhWR0JjVzdHb25LencxZzRVeVJNYmFLa1AyZnJvK2FDbk9aVzhxNG5LSG1ZZ0pEWXA3bHFRUDJSCk5CbWlXUitxUXBhY2w4alhzUnBTK25YbEVlZyttS1lDci9DVDFmNTRiL2toQWdNQkFBR2pJekFoTUE0R0ExVWQKRHdFQi93UUVBd0lDQkRBUEJnTlZIUk1CQWY4RUJUQURBUUgvTUEwR0NTcUdTSWIzRFFFQkN3VUFBNElCQVFDZQpBZnpjNWYya0J6S1FwWlRpZjN6aE92MXZIU2tSRnJiVzlvdHhlU1lnbWR1SzZiN1Z1SVorc2ZXdTlDcUxpcmdCCkNQbnFRZDU3TmZnV3NpVms2VncyWUsvaWZKaXZFeEtKT3NweDBkeFhqQmNGc3p1RnB1RUhBeURZYXA0OEhibkwKSEltTThTVGZyYTRMR0J0MitQSTJZSUc0K0x2OFlEcWVxRStZVmlkZWU2Y2NmOVRmc3dJdThHS2tMd0JaYU00MgpxaVUwUFRxaDl0NVQrbXdDaEp0RjQ1b3k0ODE4bW9EL3BBcnh6Snl6QXVjbnhINXNVMyt0VStlNDN4SENObVZKCnUyRTR5Rm53eTU5MmNBakxmTmJFWENGbTlmZVVjYzlsUVlMUGhCQkY0bWg2T3h2L294VFlNdVZKZVVZd0c0aGYKVlkzYXZ2NElFV0I0Vzk3d2pyb0cKLS0tLS1FTkQgQ0VSVElGSUNBVEUtLS0tLQo=",
                "password": "",
                "username": ""
              }
            ],
            "master_authorized_networks_config": [],
            "master_version": "1.14.10-gke.17",
            "min_master_version": null,
            "monitoring_service": "none",
            "name": "conestoga-sulaco",
            "network": "projects/skyfall-267015/global/networks/default",
            "network_policy": [
              {
                "enabled": false,
                "provider": "PROVIDER_UNSPECIFIED"
              }
            ],
            "node_config": [
              {
                "disk_size_gb": 100,
                "disk_type": "pd-standard",
                "guest_accelerator": [],
                "image_type": "COS",
                "labels": {},
                "local_ssd_count": 0,
                "machine_type": "n1-standard-2",
                "metadata": {
                  "disable-legacy-endpoints": "true"
                },
                "min_cpu_platform": "",
                "oauth_scopes": [
                  "https://www.googleapis.com/auth/compute",
                  "https://www.googleapis.com/auth/devstorage.read_only",
                  "https://www.googleapis.com/auth/logging.write",
                  "https://www.googleapis.com/auth/monitoring",
                  "https://www.googleapis.com/auth/service.management.readonly",
                  "https://www.googleapis.com/auth/servicecontrol",
                  "https://www.googleapis.com/auth/trace.append"
                ],
                "preemptible": false,
                "sandbox_config": [],
                "service_account": "default",
                "shielded_instance_config": [
                  {
                    "enable_integrity_monitoring": true,
                    "enable_secure_boot": false
                  }
                ],
                "tags": [],
                "taint": [],
                "workload_metadata_config": []
              }
            ],
            "node_locations": [],
            "node_pool": [
              {
                "autoscaling": [],
                "initial_node_count": 2,
                "instance_group_urls": [
                  "https://www.googleapis.com/compute/v1/projects/skyfall-267015/zones/europe-west1-b/instanceGroupManagers/gke-conestoga-sulaco-default-pool-1fc87b37-grp"
                ],
                "management": [
                  {
                    "auto_repair": false,
                    "auto_upgrade": true
                  }
                ],
                "max_pods_per_node": 0,
                "name": "default-pool",
                "name_prefix": "",
                "node_config": [
                  {
                    "disk_size_gb": 100,
                    "disk_type": "pd-standard",
                    "guest_accelerator": [],
                    "image_type": "COS",
                    "labels": {},
                    "local_ssd_count": 0,
                    "machine_type": "n1-standard-2",
                    "metadata": {
                      "disable-legacy-endpoints": "true"
                    },
                    "min_cpu_platform": "",
                    "oauth_scopes": [
                      "https://www.googleapis.com/auth/compute",
                      "https://www.googleapis.com/auth/devstorage.read_only",
                      "https://www.googleapis.com/auth/logging.write",
                      "https://www.googleapis.com/auth/monitoring",
                      "https://www.googleapis.com/auth/service.management.readonly",
                      "https://www.googleapis.com/auth/servicecontrol",
                      "https://www.googleapis.com/auth/trace.append"
                    ],
                    "preemptible": false,
                    "sandbox_config": [],
                    "service_account": "default",
                    "shielded_instance_config": [
                      {
                        "enable_integrity_monitoring": true,
                        "enable_secure_boot": false
                      }
                    ],
                    "tags": [],
                    "taint": [],
                    "workload_metadata_config": []
                  }
                ],
                "node_count": 2,
                "version": "1.14.10-gke.17"
              }
            ],
            "node_version": "1.14.10-gke.17",
            "operation": null,
            "pod_security_policy_config": [],
            "private_cluster_config": [],
            "project": "skyfall-267015",
            "region": null,
            "remove_default_node_pool": null,
            "resource_labels": {},
            "services_ipv4_cidr": "10.39.240.0/20",
            "subnetwork": "projects/skyfall-267015/regions/europe-west1/subnetworks/default",
            "timeouts": null,
            "vertical_pod_autoscaling": [],
            "zone": null
          },
          "private": "eyJlMmJmYjczMC1lY2FhLTExZTYtOGY4OC0zNDM2M2JjN2M0YzAiOnsiY3JlYXRlIjoyNDAwMDAwMDAwMDAwLCJkZWxldGUiOjI0MDAwMDAwMDAwMDAsInVwZGF0ZSI6MzYwMDAwMDAwMDAwMH0sInNjaGVtYV92ZXJzaW9uIjoiMSJ9"
        }
      ]
    },
    {
      "module": "module.namespaces",
      "mode": "managed",
      "type": "kubernetes_namespace",
      "name": "dev",
      "provider": "provider.kubernetes",
      "instances": [
        {
          "schema_version": 0,
          "attributes": {
            "id": "dev",
            "metadata": [
              {
                "annotations": {
                  "name": "storybook-dev"
                },
                "generate_name": "",
                "generation": 0,
                "labels": {
                  "app": "storybook-dev"
                },
                "name": "dev",
                "resource_version": "798",
                "self_link": "/api/v1/namespaces/dev",
                "uid": "0b322ed6-63d4-11ea-9e64-42010a84002e"
              }
            ],
            "timeouts": null
          },
          "private": "eyJlMmJmYjczMC1lY2FhLTExZTYtOGY4OC0zNDM2M2JjN2M0YzAiOnsiZGVsZXRlIjozMDAwMDAwMDAwMDB9fQ=="
        }
      ]
    },
    {
      "module": "module.namespaces",
      "mode": "managed",
      "type": "kubernetes_namespace",
      "name": "prod",
      "provider": "provider.kubernetes",
      "instances": [
        {
          "schema_version": 0,
          "attributes": {
            "id": "prod",
            "metadata": [
              {
                "annotations": {
                  "name": "storybook-prod"
                },
                "generate_name": "",
                "generation": 0,
                "labels": {
                  "app": "storybook-prod"
                },
                "name": "prod",
                "resource_version": "797",
                "self_link": "/api/v1/namespaces/prod",
                "uid": "0b3160d0-63d4-11ea-9e64-42010a84002e"
              }
            ],
            "timeouts": null
          },
          "private": "eyJlMmJmYjczMC1lY2FhLTExZTYtOGY4OC0zNDM2M2JjN2M0YzAiOnsiZGVsZXRlIjozMDAwMDAwMDAwMDB9fQ=="
        }
      ]
    },
    {
      "module": "module.pvdisk",
      "mode": "managed",
      "type": "kubernetes_persistent_volume",
      "name": "gitlab-share",
      "provider": "provider.kubernetes",
      "instances": [
        {
          "schema_version": 0,
          "attributes": {
            "id": "gitlab-share",
            "metadata": [
              {
                "annotations": null,
                "generation": 0,
                "labels": null,
                "name": "gitlab-share",
                "resource_version": "820",
                "self_link": "/api/v1/persistentvolumes/gitlab-share",
                "uid": "0b9cdc4a-63d4-11ea-9e64-42010a84002e"
              }
            ],
            "spec": [
              {
                "access_modes": [
                  "ReadWriteMany"
                ],
                "capacity": {
                  "storage": "10Gi"
                },
                "mount_options": null,
                "node_affinity": [
                  {
                    "required": [
                      {
                        "node_selector_term": [
                          {
                            "match_expressions": [
                              {
                                "key": "failure-domain.beta.kubernetes.io/zone",
                                "operator": "In",
                                "values": [
                                  "europe-west1-b"
                                ]
                              },
                              {
                                "key": "failure-domain.beta.kubernetes.io/region",
                                "operator": "In",
                                "values": [
                                  "europe-west1"
                                ]
                              }
                            ],
                            "match_fields": []
                          }
                        ]
                      }
                    ]
                  }
                ],
                "persistent_volume_reclaim_policy": "Retain",
                "persistent_volume_source": [
                  {
                    "aws_elastic_block_store": [],
                    "azure_disk": [],
                    "azure_file": [],
                    "ceph_fs": [],
                    "cinder": [],
                    "fc": [],
                    "flex_volume": [],
                    "flocker": [],
                    "gce_persistent_disk": [
                      {
                        "fs_type": "xfs",
                        "partition": 0,
                        "pd_name": "common",
                        "read_only": false
                      }
                    ],
                    "glusterfs": [],
                    "host_path": [],
                    "iscsi": [],
                    "local": [],
                    "nfs": [],
                    "photon_persistent_disk": [],
                    "quobyte": [],
                    "rbd": [],
                    "vsphere_volume": []
                  }
                ],
                "storage_class_name": "std-storybook-sc"
              }
            ],
            "timeouts": null
          },
          "private": "eyJlMmJmYjczMC1lY2FhLTExZTYtOGY4OC0zNDM2M2JjN2M0YzAiOnsiY3JlYXRlIjozMDAwMDAwMDAwMDB9fQ=="
        }
      ]
    },
    {
      "module": "module.pvdisk",
      "mode": "managed",
      "type": "kubernetes_persistent_volume_claim",
      "name": "gitlab-pvc",
      "provider": "provider.kubernetes",
      "instances": [
        {
          "status": "tainted",
          "schema_version": 0,
          "attributes": {
            "id": "default/gitlab-pvc",
            "metadata": [
              {
                "annotations": null,
                "generate_name": "",
                "generation": 0,
                "labels": null,
                "name": "gitlab-pvc",
                "namespace": "default",
                "resource_version": "",
                "self_link": "",
                "uid": ""
              }
            ],
            "spec": [
              {
                "access_modes": [
                  "ReadWriteOnce"
                ],
                "resources": [
                  {
                    "limits": null,
                    "requests": {
                      "storage": "5Gi"
                    }
                  }
                ],
                "selector": [],
                "storage_class_name": "",
                "volume_name": "gitlab-share"
              }
            ],
            "timeouts": null,
            "wait_until_bound": true
          },
          "private": "eyJlMmJmYjczMC1lY2FhLTExZTYtOGY4OC0zNDM2M2JjN2M0YzAiOnsiY3JlYXRlIjozMDAwMDAwMDAwMDB9fQ=="
        }
      ]
    },
    {
      "module": "module.pods",
      "mode": "managed",
      "type": "kubernetes_pod",
      "name": "gitlab-ce",
      "provider": "provider.kubernetes",
      "instances": [
        {
          "schema_version": 0,
          "attributes": {
            "id": "dev/gitlab-ce",
            "metadata": [
              {
                "annotations": null,
                "generate_name": "",
                "generation": 0,
                "labels": {
                  "app": "gitlab-ce"
                },
                "name": "gitlab-ce",
                "namespace": "dev",
                "resource_version": "1263",
                "self_link": "/api/v1/namespaces/dev/pods/gitlab-ce",
                "uid": "0b6e1820-63d4-11ea-9e64-42010a84002e"
              }
            ],
            "spec": [
              {
                "active_deadline_seconds": 0,
                "affinity": [],
                "automount_service_account_token": false,
                "container": [
                  {
                    "args": null,
                    "command": null,
                    "env": [
                      {
                        "name": "environment",
                        "value": "dev",
                        "value_from": []
                      }
                    ],
                    "env_from": [],
                    "image": "sergeykacmd/gitlab-ce-storybook:latest",
                    "image_pull_policy": "Always",
                    "lifecycle": [],
                    "liveness_probe": [],
                    "name": "gitlab-ce",
                    "port": [],
                    "readiness_probe": [],
                    "resources": [
                      {
                        "limits": null,
                        "requests": null
                      }
                    ],
                    "security_context": [],
                    "startup_probe": [],
                    "stdin": false,
                    "stdin_once": false,
                    "termination_message_path": "/dev/termination-log",
                    "tty": false,
                    "volume_mount": [],
                    "working_dir": ""
                  }
                ],
                "dns_config": [],
                "dns_policy": "ClusterFirst",
                "host_aliases": [],
                "host_ipc": false,
                "host_network": false,
                "host_pid": false,
                "hostname": "",
                "image_pull_secrets": [],
                "init_container": [],
                "node_name": "gke-conestoga-sulaco-default-pool-1fc87b37-j45g",
                "node_selector": null,
                "priority_class_name": "",
                "restart_policy": "Always",
                "security_context": [],
                "service_account_name": "default",
                "share_process_namespace": false,
                "subdomain": "",
                "termination_grace_period_seconds": 30,
                "toleration": [],
                "volume": []
              }
            ],
            "timeouts": null
          },
          "private": "eyJlMmJmYjczMC1lY2FhLTExZTYtOGY4OC0zNDM2M2JjN2M0YzAiOnsiY3JlYXRlIjozMDAwMDAwMDAwMDAsImRlbGV0ZSI6MzAwMDAwMDAwMDAwfX0="
        }
      ]
    },
    {
      "module": "module.pods",
      "mode": "managed",
      "type": "kubernetes_pod",
      "name": "storybook-app",
      "provider": "provider.kubernetes",
      "instances": [
        {
          "schema_version": 0,
          "attributes": {
            "id": "prod/storybook-prod",
            "metadata": [
              {
                "annotations": null,
                "generate_name": "",
                "generation": 0,
                "labels": {
                  "app": "storybook-prod"
                },
                "name": "storybook-prod",
                "namespace": "prod",
                "resource_version": "1018",
                "self_link": "/api/v1/namespaces/prod/pods/storybook-prod",
                "uid": "0b4d3f2e-63d4-11ea-9e64-42010a84002e"
              }
            ],
            "spec": [
              {
                "active_deadline_seconds": 0,
                "affinity": [],
                "automount_service_account_token": false,
                "container": [
                  {
                    "args": null,
                    "command": null,
                    "env": [
                      {
                        "name": "environment",
                        "value": "prod",
                        "value_from": []
                      }
                    ],
                    "env_from": [],
                    "image": "sergeykacmd/storybook-app:latest",
                    "image_pull_policy": "Always",
                    "lifecycle": [],
                    "liveness_probe": [],
                    "name": "storybook-prod",
                    "port": [],
                    "readiness_probe": [],
                    "resources": [
                      {
                        "limits": null,
                        "requests": null
                      }
                    ],
                    "security_context": [],
                    "startup_probe": [],
                    "stdin": false,
                    "stdin_once": false,
                    "termination_message_path": "/dev/termination-log",
                    "tty": false,
                    "volume_mount": [],
                    "working_dir": ""
                  }
                ],
                "dns_config": [],
                "dns_policy": "ClusterFirst",
                "host_aliases": [],
                "host_ipc": false,
                "host_network": false,
                "host_pid": false,
                "hostname": "",
                "image_pull_secrets": [],
                "init_container": [],
                "node_name": "gke-conestoga-sulaco-default-pool-1fc87b37-j45g",
                "node_selector": null,
                "priority_class_name": "",
                "restart_policy": "Always",
                "security_context": [],
                "service_account_name": "default",
                "share_process_namespace": false,
                "subdomain": "",
                "termination_grace_period_seconds": 30,
                "toleration": [],
                "volume": []
              }
            ],
            "timeouts": null
          },
          "private": "eyJlMmJmYjczMC1lY2FhLTExZTYtOGY4OC0zNDM2M2JjN2M0YzAiOnsiY3JlYXRlIjozMDAwMDAwMDAwMDAsImRlbGV0ZSI6MzAwMDAwMDAwMDAwfX0="
        }
      ]
    },
    {
      "module": "module.pods",
      "mode": "managed",
      "type": "kubernetes_pod",
      "name": "storybook-app-dev",
      "provider": "provider.kubernetes",
      "instances": [
        {
          "schema_version": 0,
          "attributes": {
            "id": "dev/storybook-dev",
            "metadata": [
              {
                "annotations": null,
                "generate_name": "",
                "generation": 0,
                "labels": {
                  "app": "storybook-dev"
                },
                "name": "storybook-dev",
                "namespace": "dev",
                "resource_version": "996",
                "self_link": "/api/v1/namespaces/dev/pods/storybook-dev",
                "uid": "0b68577d-63d4-11ea-9e64-42010a84002e"
              }
            ],
            "spec": [
              {
                "active_deadline_seconds": 0,
                "affinity": [],
                "automount_service_account_token": false,
                "container": [
                  {
                    "args": null,
                    "command": null,
                    "env": [
                      {
                        "name": "environment",
                        "value": "dev",
                        "value_from": []
                      }
                    ],
                    "env_from": [],
                    "image": "sergeykacmd/storybook-app:latest",
                    "image_pull_policy": "Always",
                    "lifecycle": [],
                    "liveness_probe": [],
                    "name": "storybook-dev",
                    "port": [],
                    "readiness_probe": [],
                    "resources": [
                      {
                        "limits": null,
                        "requests": null
                      }
                    ],
                    "security_context": [],
                    "startup_probe": [],
                    "stdin": false,
                    "stdin_once": false,
                    "termination_message_path": "/dev/termination-log",
                    "tty": false,
                    "volume_mount": [],
                    "working_dir": ""
                  }
                ],
                "dns_config": [],
                "dns_policy": "ClusterFirst",
                "host_aliases": [],
                "host_ipc": false,
                "host_network": false,
                "host_pid": false,
                "hostname": "",
                "image_pull_secrets": [],
                "init_container": [],
                "node_name": "gke-conestoga-sulaco-default-pool-1fc87b37-bd3p",
                "node_selector": null,
                "priority_class_name": "",
                "restart_policy": "Always",
                "security_context": [],
                "service_account_name": "default",
                "share_process_namespace": false,
                "subdomain": "",
                "termination_grace_period_seconds": 30,
                "toleration": [],
                "volume": []
              }
            ],
            "timeouts": null
          },
          "private": "eyJlMmJmYjczMC1lY2FhLTExZTYtOGY4OC0zNDM2M2JjN2M0YzAiOnsiY3JlYXRlIjozMDAwMDAwMDAwMDAsImRlbGV0ZSI6MzAwMDAwMDAwMDAwfX0="
        }
      ]
    },
    {
      "module": "module.pods",
      "mode": "managed",
      "type": "kubernetes_service",
      "name": "svc-dev",
      "provider": "provider.kubernetes",
      "instances": [
        {
          "status": "tainted",
          "schema_version": 0,
          "attributes": {
            "id": "dev/storybook-dev",
            "load_balancer_ingress": null,
            "metadata": [
              {
                "annotations": null,
                "generate_name": "",
                "generation": 0,
                "labels": null,
                "name": "storybook-dev",
                "namespace": "dev",
                "resource_version": "",
                "self_link": "",
                "uid": ""
              }
            ],
            "spec": [
              {
                "cluster_ip": "",
                "external_ips": null,
                "external_name": "",
                "external_traffic_policy": "",
                "load_balancer_ip": "",
                "load_balancer_source_ranges": null,
                "port": [
                  {
                    "name": "http",
                    "node_port": 0,
                    "port": 80,
                    "protocol": "TCP",
                    "target_port": "80"
                  }
                ],
                "publish_not_ready_addresses": false,
                "selector": {
                  "app": "storybook-dev"
                },
                "session_affinity": "None",
                "type": "LoadBalancer"
              }
            ],
            "timeouts": null
          },
          "private": "eyJlMmJmYjczMC1lY2FhLTExZTYtOGY4OC0zNDM2M2JjN2M0YzAiOnsiY3JlYXRlIjo2MDAwMDAwMDAwMDB9fQ==",
          "depends_on": [
            "kubernetes_pod.storybook-app-dev"
          ]
        }
      ]
    },
    {
      "module": "module.pods",
      "mode": "managed",
      "type": "kubernetes_service",
      "name": "svc-gitlab",
      "provider": "provider.kubernetes",
      "instances": [
        {
          "status": "tainted",
          "schema_version": 0,
          "attributes": {
            "id": "prod/gitlab-ce",
            "load_balancer_ingress": null,
            "metadata": [
              {
                "annotations": null,
                "generate_name": "",
                "generation": 0,
                "labels": null,
                "name": "gitlab-ce",
                "namespace": "prod",
                "resource_version": "",
                "self_link": "",
                "uid": ""
              }
            ],
            "spec": [
              {
                "cluster_ip": "",
                "external_ips": null,
                "external_name": "",
                "external_traffic_policy": "",
                "load_balancer_ip": "",
                "load_balancer_source_ranges": null,
                "port": [
                  {
                    "name": "http",
                    "node_port": 0,
                    "port": 80,
                    "protocol": "TCP",
                    "target_port": "80"
                  }
                ],
                "publish_not_ready_addresses": false,
                "selector": {
                  "app": "gitlab-ce"
                },
                "session_affinity": "None",
                "type": "LoadBalancer"
              }
            ],
            "timeouts": null
          },
          "private": "eyJlMmJmYjczMC1lY2FhLTExZTYtOGY4OC0zNDM2M2JjN2M0YzAiOnsiY3JlYXRlIjo2MDAwMDAwMDAwMDB9fQ==",
          "depends_on": [
            "kubernetes_pod.gitlab-ce"
          ]
        }
      ]
    },
    {
      "module": "module.pods",
      "mode": "managed",
      "type": "kubernetes_service",
      "name": "svc-prod",
      "provider": "provider.kubernetes",
      "instances": [
        {
          "schema_version": 0,
          "attributes": {
            "id": "prod/storybook-prod",
            "load_balancer_ingress": [
              {
                "hostname": "",
                "ip": "146.148.125.47"
              }
            ],
            "metadata": [
              {
                "annotations": null,
                "generate_name": "",
                "generation": 0,
                "labels": null,
                "name": "storybook-prod",
                "namespace": "prod",
                "resource_version": "1189",
                "self_link": "/api/v1/namespaces/prod/services/storybook-prod",
                "uid": "2b806bb1-63d4-11ea-9e64-42010a84002e"
              }
            ],
            "spec": [
              {
                "cluster_ip": "10.39.254.74",
                "external_ips": null,
                "external_name": "",
                "external_traffic_policy": "Cluster",
                "load_balancer_ip": "",
                "load_balancer_source_ranges": null,
                "port": [
                  {
                    "name": "http",
                    "node_port": 31039,
                    "port": 80,
                    "protocol": "TCP",
                    "target_port": "80"
                  }
                ],
                "publish_not_ready_addresses": false,
                "selector": {
                  "app": "storybook-prod"
                },
                "session_affinity": "None",
                "type": "LoadBalancer"
              }
            ],
            "timeouts": null
          },
          "private": "eyJlMmJmYjczMC1lY2FhLTExZTYtOGY4OC0zNDM2M2JjN2M0YzAiOnsiY3JlYXRlIjo2MDAwMDAwMDAwMDB9fQ==",
          "depends_on": [
            "kubernetes_pod.storybook-app"
          ]
        }
      ]
    },
    {
      "module": "module.pvdisk",
      "mode": "managed",
      "type": "kubernetes_storage_class",
      "name": "std-storybook-sc",
      "provider": "provider.kubernetes",
      "instances": [
        {
          "schema_version": 0,
          "attributes": {
            "allow_volume_expansion": true,
            "id": "std-storybook-sc",
            "metadata": [
              {
                "annotations": null,
                "generate_name": "",
                "generation": 0,
                "labels": null,
                "name": "std-storybook-sc",
                "resource_version": "796",
                "self_link": "/apis/storage.k8s.io/v1/storageclasses/std-storybook-sc",
                "uid": "0b303f5d-63d4-11ea-9e64-42010a84002e"
              }
            ],
            "mount_options": [
              "cache=none",
              "dir_mode=0777",
              "file_mode=0700",
              "gid=1000",
              "mfsymlinks",
              "nobrl",
              "uid=1000"
            ],
            "parameters": {
              "type": "pd-ssd"
            },
            "reclaim_policy": "Retain",
            "storage_provisioner": "kubernetes.io/gce-pd",
            "volume_binding_mode": "Immediate"
          },
          "private": "bnVsbA=="
        }
      ]
    }
  ]
}
